{
  "name": "test-windows-rust",
  "version": "1.0.0",
  "lockfileVersion": 2,
  "requires": true,
  "packages": {
    "": {
      "name": "test-windows-rust",
      "version": "1.0.0",
      "license": "ISC",
      "workspaces": [
        "packages/backend"
      ],
      "devDependencies": {
        "@napi-rs/cli": "^2.0.0-beta.5",
        "prettier": "^2.5.1"
      },
      "engines": {
        "node": ">= 14"
      }
    },
    "node_modules/@napi-rs/cli": {
      "version": "2.0.0-beta.5",
      "resolved": "https://registry.npmjs.org/@napi-rs/cli/-/cli-2.0.0-beta.5.tgz",
      "integrity": "sha512-/t7T52f2PEOcQXXbnmUZKKwAGIIU8mj2a1gwWR6Vo8wJeAzKXFrfQ5wx1Y/56E1vYRcRrGyDatDTBEQc7omwdw==",
      "dev": true,
      "bin": {
        "napi": "scripts/index.js"
      },
      "engines": {
        "node": ">= 10"
      },
      "funding": {
        "type": "github",
        "url": "https://github.com/sponsors/Brooooooklyn"
      }
    },
    "node_modules/backend": {
      "resolved": "packages/backend",
      "link": true
    },
    "node_modules/prettier": {
      "version": "2.5.1",
      "resolved": "https://registry.npmjs.org/prettier/-/prettier-2.5.1.tgz",
      "integrity": "sha512-vBZcPRUR5MZJwoyi3ZoyQlc1rXeEck8KgeC9AwwOn+exuxLxq5toTRDTSaVrXHxelDMHy9zlicw8u66yxoSUFg==",
      "dev": true,
      "bin": {
        "prettier": "bin-prettier.js"
      },
      "engines": {
        "node": ">=10.13.0"
      }
    },
    "packages/backend": {
      "version": "1.0.0",
      "license": "ISC"
    }
  },
  "dependencies": {
    "@napi-rs/cli": {
      "version": "2.0.0-beta.5",
      "resolved": "https://registry.npmjs.org/@napi-rs/cli/-/cli-2.0.0-beta.5.tgz",
      "integrity": "sha512-/t7T52f2PEOcQXXbnmUZKKwAGIIU8mj2a1gwWR6Vo8wJeAzKXFrfQ5wx1Y/56E1vYRcRrGyDatDTBEQc7omwdw==",
      "dev": true
    },
    "backend": {
      "version": "file:packages/backend"
    },
    "prettier": {
      "version": "2.5.1",
      "resolved": "https://registry.npmjs.org/prettier/-/prettier-2.5.1.tgz",
      "integrity": "sha512-vBZcPRUR5MZJwoyi3ZoyQlc1rXeEck8KgeC9AwwOn+exuxLxq5toTRDTSaVrXHxelDMHy9zlicw8u66yxoSUFg==",
      "dev": true
    }
  }
}
